
Microsoft Visual Studio Solution File, Format Version 12.00
# Visual Studio Version 17
VisualStudioVersion = 17.9.34728.123
MinimumVisualStudioVersion = 10.0.40219.1
Project("{9A19103F-16F7-4668-BE54-9A1E7A4F7556}") = "SignaturePadImage", "SignaturePadImage\SignaturePadImage.csproj", "{28A5DBD1-E2CB-4310-BD44-A24AC3EF92FC}"
EndProject
Global
	GlobalSection(SolutionConfigurationPlatforms) = preSolution
		Debug|Any CPU = Debug|Any CPU
		Release|Any CPU = Release|Any CPU
		Release-Xml|Any CPU = Release-Xml|Any CPU
	EndGlobalSection
	GlobalSection(ProjectConfigurationPlatforms) = postSolution
		{28A5DBD1-E2CB-4310-BD44-A24AC3EF92FC}.Debug|Any CPU.ActiveCfg = Debug|Any CPU
		{28A5DBD1-E2CB-4310-BD44-A24AC3EF92FC}.Debug|Any CPU.Build.0 = Debug|Any CPU
		{28A5DBD1-E2CB-4310-BD44-A24AC3EF92FC}.Debug|Any CPU.Deploy.0 = Debug|Any CPU
		{28A5DBD1-E2CB-4310-BD44-A24AC3EF92FC}.Release|Any CPU.ActiveCfg = Release|Any CPU
		{28A5DBD1-E2CB-4310-BD44-A24AC3EF92FC}.Release|Any CPU.Build.0 = Release|Any CPU
		{28A5DBD1-E2CB-4310-BD44-A24AC3EF92FC}.Release|Any CPU.Deploy.0 = Release|Any CPU
		{28A5DBD1-E2CB-4310-BD44-A24AC3EF92FC}.Release-Xml|Any CPU.ActiveCfg = Release|Any CPU
		{28A5DBD1-E2CB-4310-BD44-A24AC3EF92FC}.Release-Xml|Any CPU.Build.0 = Release|Any CPU
		{28A5DBD1-E2CB-4310-BD44-A24AC3EF92FC}.Release-Xml|Any CPU.Deploy.0 = Release|Any CPU
	EndGlobalSection
	GlobalSection(SolutionProperties) = preSolution
		HideSolutionNode = FALSE
	EndGlobalSection
	GlobalSection(ExtensibilityGlobals) = postSolution
		SolutionGuid = {D3152192-43FB-442B-B86D-2E0303D7B4F6}
	EndGlobalSection
EndGlobal
